
Microsoft Visual Studio Solution File, Format Version 12.00
# Visual Studio Version 17
VisualStudioVersion = 17.0.31903.59
MinimumVisualStudioVersion = 10.0.40219.1
Project("{FAE04EC0-301F-11D3-BF4B-00C04F79EFBC}") = "UsePathBaseTest", "UsePathBaseTest\UsePathBaseTest.csproj", "{EA0CB304-B6EF-441E-B694-D040280E404E}"
EndProject
Global
	GlobalSection(SolutionConfigurationPlatforms) = preSolution
		Debug|Any CPU = Debug|Any CPU
		Release|Any CPU = Release|Any CPU
	EndGlobalSection
	GlobalSection(ProjectConfigurationPlatforms) = postSolution
		{EA0CB304-B6EF-441E-B694-D040280E404E}.Debug|Any CPU.ActiveCfg = Debug|Any CPU
		{EA0CB304-B6EF-441E-B694-D040280E404E}.Debug|Any CPU.Build.0 = Debug|Any CPU
		{EA0CB304-B6EF-441E-B694-D040280E404E}.Release|Any CPU.ActiveCfg = Release|Any CPU
		{EA0CB304-B6EF-441E-B694-D040280E404E}.Release|Any CPU.Build.0 = Release|Any CPU
	EndGlobalSection
	GlobalSection(SolutionProperties) = preSolution
		HideSolutionNode = FALSE
	EndGlobalSection
	GlobalSection(ExtensibilityGlobals) = postSolution
		SolutionGuid = {625AFD14-51D4-4F71-BE09-35B50E14B668}
	EndGlobalSection
EndGlobal
